// !$*UTF8*$!
{
	archiveVersion = 1;
	classes = {
	};
	objectVersion = 53;
	objects = {

/* Begin PBXBuildFile section */
		11944516D526E431C5363233 /* Pods_AutoLaunchHelper.framework in Frameworks */ = {isa = PBXBuildFile; fileRef = C2D3B813365BCE6A84908549 /* Pods_AutoLaunchHelper.framework */; };
		C91E2345244E3780007A1962 /* DisplayManager.swift in Sources */ = {isa = PBXBuildFile; fileRef = C91E2344244E3780007A1962 /* DisplayManager.swift */; };
		C93B8425244A077000ECFFBD /* ShortcutManager.swift in Sources */ = {isa = PBXBuildFile; fileRef = C93B8424244A077000ECFFBD /* ShortcutManager.swift */; };
		C93B8458244DAA4500ECFFBD /* HUD.swift in Sources */ = {isa = PBXBuildFile; fileRef = C93B8457244DAA4500ECFFBD /* HUD.swift */; };
		C93B8461244E0DB700ECFFBD /* MuteMicManager.swift in Sources */ = {isa = PBXBuildFile; fileRef = C93B8460244E0DB700ECFFBD /* MuteMicManager.swift */; };
		C93B8467244E20D500ECFFBD /* WifiManager.swift in Sources */ = {isa = PBXBuildFile; fileRef = C93B8466244E20D500ECFFBD /* WifiManager.swift */; };
		C9B3F78C2462DC360082AD67 /* Localizable.strings in Resources */ = {isa = PBXBuildFile; fileRef = C9B3F78A2462DC360082AD67 /* Localizable.strings */; };
		C9B3F7902462E0540082AD67 /* InfoPlist.strings in Resources */ = {isa = PBXBuildFile; fileRef = C9B3F78E2462E0540082AD67 /* InfoPlist.strings */; };
		C9B3F7932462E0540082AD67 /* InfoPlist.strings in Resources */ = {isa = PBXBuildFile; fileRef = C9B3F7912462E0540082AD67 /* InfoPlist.strings */; };
		C9DFD0252451BAA2000103A2 /* IconProvider.swift in Sources */ = {isa = PBXBuildFile; fileRef = C9DFD0242451BAA2000103A2 /* IconProvider.swift */; };
		DC56F590D93F6994C91F60C8 /* Pods_ThinkpadAssistant.framework in Frameworks */ = {isa = PBXBuildFile; fileRef = A2D81A3D8A645E8C957C4863 /* Pods_ThinkpadAssistant.framework */; };
		FC56DEBE1EE98AC7001ACE3F /* AppDelegate.swift in Sources */ = {isa = PBXBuildFile; fileRef = FC56DEBD1EE98AC7001ACE3F /* AppDelegate.swift */; };
		FC56DEC21EE98AC7001ACE3F /* Assets.xcassets in Resources */ = {isa = PBXBuildFile; fileRef = FC56DEC11EE98AC7001ACE3F /* Assets.xcassets */; };
		FC56DEC51EE98AC7001ACE3F /* Main.storyboard in Resources */ = {isa = PBXBuildFile; fileRef = FC56DEC31EE98AC7001ACE3F /* Main.storyboard */; };
		FC56DED31EE98B3A001ACE3F /* HelperAppDelegate.swift in Sources */ = {isa = PBXBuildFile; fileRef = FC56DED21EE98B3A001ACE3F /* HelperAppDelegate.swift */; };
		FC56DED71EE98B3A001ACE3F /* Assets.xcassets in Resources */ = {isa = PBXBuildFile; fileRef = FC56DED61EE98B3A001ACE3F /* Assets.xcassets */; };
		FC56DEDA1EE98B3A001ACE3F /* Main.storyboard in Resources */ = {isa = PBXBuildFile; fileRef = FC56DED81EE98B3A001ACE3F /* Main.storyboard */; };
		FC56DEE01EE9A826001ACE3F /* AutoLaunchHelper.app in CopyFiles */ = {isa = PBXBuildFile; fileRef = FC56DED01EE98B3A001ACE3F /* AutoLaunchHelper.app */; settings = {ATTRIBUTES = (RemoveHeadersOnCopy, ); }; };
/* End PBXBuildFile section */

/* Begin PBXCopyFilesBuildPhase section */
		FC56DEDF1EE9A7F5001ACE3F /* CopyFiles */ = {
			isa = PBXCopyFilesBuildPhase;
			buildActionMask = 2147483647;
			dstPath = Contents/Library/LoginItems;
			dstSubfolderSpec = 1;
			files = (
				FC56DEE01EE9A826001ACE3F /* AutoLaunchHelper.app in CopyFiles */,
			);
			runOnlyForDeploymentPostprocessing = 0;
		};
/* End PBXCopyFilesBuildPhase section */

/* Begin PBXFileReference section */
		1F4D64855DFDE6D7D5FD9F23 /* Pods-AutoLaunchHelper.debug.xcconfig */ = {isa = PBXFileReference; includeInIndex = 1; lastKnownFileType = text.xcconfig; name = "Pods-AutoLaunchHelper.debug.xcconfig"; path = "Target Support Files/Pods-AutoLaunchHelper/Pods-AutoLaunchHelper.debug.xcconfig"; sourceTree = "<group>"; };
		A2D81A3D8A645E8C957C4863 /* Pods_ThinkpadAssistant.framework */ = {isa = PBXFileReference; explicitFileType = wrapper.framework; includeInIndex = 0; path = Pods_ThinkpadAssistant.framework; sourceTree = BUILT_PRODUCTS_DIR; };
		A7FFA5A32A931C74AFABA743 /* Pods-AutoLaunchHelper.release.xcconfig */ = {isa = PBXFileReference; includeInIndex = 1; lastKnownFileType = text.xcconfig; name = "Pods-AutoLaunchHelper.release.xcconfig"; path = "Target Support Files/Pods-AutoLaunchHelper/Pods-AutoLaunchHelper.release.xcconfig"; sourceTree = "<group>"; };
		AE92EEF7DF0DF77FC8C1D8CC /* Pods-ThinkpadAssistant.release.xcconfig */ = {isa = PBXFileReference; includeInIndex = 1; lastKnownFileType = text.xcconfig; name = "Pods-ThinkpadAssistant.release.xcconfig"; path = "Target Support Files/Pods-ThinkpadAssistant/Pods-ThinkpadAssistant.release.xcconfig"; sourceTree = "<group>"; };
		C2D3B813365BCE6A84908549 /* Pods_AutoLaunchHelper.framework */ = {isa = PBXFileReference; explicitFileType = wrapper.framework; includeInIndex = 0; path = Pods_AutoLaunchHelper.framework; sourceTree = BUILT_PRODUCTS_DIR; };
		C91E2344244E3780007A1962 /* DisplayManager.swift */ = {isa = PBXFileReference; lastKnownFileType = sourcecode.swift; path = DisplayManager.swift; sourceTree = "<group>"; };
		C93B8424244A077000ECFFBD /* ShortcutManager.swift */ = {isa = PBXFileReference; lastKnownFileType = sourcecode.swift; path = ShortcutManager.swift; sourceTree = "<group>"; };
		C93B8457244DAA4500ECFFBD /* HUD.swift */ = {isa = PBXFileReference; fileEncoding = 4; lastKnownFileType = sourcecode.swift; path = HUD.swift; sourceTree = "<group>"; };
		C93B8460244E0DB700ECFFBD /* MuteMicManager.swift */ = {isa = PBXFileReference; lastKnownFileType = sourcecode.swift; path = MuteMicManager.swift; sourceTree = "<group>"; };
		C93B8466244E20D500ECFFBD /* WifiManager.swift */ = {isa = PBXFileReference; lastKnownFileType = sourcecode.swift; path = WifiManager.swift; sourceTree = "<group>"; };
		C9B3F7892462DA460082AD67 /* de */ = {isa = PBXFileReference; lastKnownFileType = text.plist.strings; name = de; path = de.lproj/Main.strings; sourceTree = "<group>"; };
		C9B3F78B2462DC360082AD67 /* de */ = {isa = PBXFileReference; lastKnownFileType = text.plist.strings; name = de; path = de.lproj/Localizable.strings; sourceTree = "<group>"; };
		C9B3F78D2462DC360082AD67 /* de */ = {isa = PBXFileReference; lastKnownFileType = text.plist.strings; name = de; path = de.lproj/Main.strings; sourceTree = "<group>"; };
		C9B3F78F2462E0540082AD67 /* de */ = {isa = PBXFileReference; lastKnownFileType = text.plist.strings; name = de; path = de.lproj/InfoPlist.strings; sourceTree = "<group>"; };
		C9B3F7922462E0540082AD67 /* de */ = {isa = PBXFileReference; lastKnownFileType = text.plist.strings; name = de; path = de.lproj/InfoPlist.strings; sourceTree = "<group>"; };
		C9B503742463269300673FFA /* zh-Hans */ = {isa = PBXFileReference; lastKnownFileType = text.plist.strings; name = "zh-Hans"; path = "zh-Hans.lproj/Main.strings"; sourceTree = "<group>"; };
		C9B503752463269300673FFA /* zh-Hans */ = {isa = PBXFileReference; lastKnownFileType = text.plist.strings; name = "zh-Hans"; path = "zh-Hans.lproj/Main.strings"; sourceTree = "<group>"; };
		C9B503762463269300673FFA /* zh-Hans */ = {isa = PBXFileReference; lastKnownFileType = text.plist.strings; name = "zh-Hans"; path = "zh-Hans.lproj/InfoPlist.strings"; sourceTree = "<group>"; };
		C9B503772463269300673FFA /* zh-Hans */ = {isa = PBXFileReference; lastKnownFileType = text.plist.strings; name = "zh-Hans"; path = "zh-Hans.lproj/Localizable.strings"; sourceTree = "<group>"; };
		C9B503782463269400673FFA /* zh-Hans */ = {isa = PBXFileReference; lastKnownFileType = text.plist.strings; name = "zh-Hans"; path = "zh-Hans.lproj/InfoPlist.strings"; sourceTree = "<group>"; };
		C9DFD0242451BAA2000103A2 /* IconProvider.swift */ = {isa = PBXFileReference; lastKnownFileType = sourcecode.swift; path = IconProvider.swift; sourceTree = "<group>"; };
		DD371F54F75D0F5C930CA66E /* Pods-ThinkpadAssistant.debug.xcconfig */ = {isa = PBXFileReference; includeInIndex = 1; lastKnownFileType = text.xcconfig; name = "Pods-ThinkpadAssistant.debug.xcconfig"; path = "Target Support Files/Pods-ThinkpadAssistant/Pods-ThinkpadAssistant.debug.xcconfig"; sourceTree = "<group>"; };
		FC21613D1EE9C64E00E7DB46 /* AutoLaunchHelper.entitlements */ = {isa = PBXFileReference; lastKnownFileType = text.plist.entitlements; path = AutoLaunchHelper.entitlements; sourceTree = "<group>"; };
		FC56DEBA1EE98AC7001ACE3F /* ThinkpadAssistant.app */ = {isa = PBXFileReference; explicitFileType = wrapper.application; includeInIndex = 0; path = ThinkpadAssistant.app; sourceTree = BUILT_PRODUCTS_DIR; };
		FC56DEBD1EE98AC7001ACE3F /* AppDelegate.swift */ = {isa = PBXFileReference; lastKnownFileType = sourcecode.swift; path = AppDelegate.swift; sourceTree = "<group>"; };
		FC56DEC11EE98AC7001ACE3F /* Assets.xcassets */ = {isa = PBXFileReference; lastKnownFileType = folder.assetcatalog; path = Assets.xcassets; sourceTree = "<group>"; };
		FC56DEC41EE98AC7001ACE3F /* Base */ = {isa = PBXFileReference; lastKnownFileType = file.storyboard; name = Base; path = Base.lproj/Main.storyboard; sourceTree = "<group>"; };
		FC56DEC61EE98AC7001ACE3F /* Info.plist */ = {isa = PBXFileReference; lastKnownFileType = text.plist.xml; path = Info.plist; sourceTree = "<group>"; };
		FC56DED01EE98B3A001ACE3F /* AutoLaunchHelper.app */ = {isa = PBXFileReference; explicitFileType = wrapper.application; includeInIndex = 0; path = AutoLaunchHelper.app; sourceTree = BUILT_PRODUCTS_DIR; };
		FC56DED21EE98B3A001ACE3F /* HelperAppDelegate.swift */ = {isa = PBXFileReference; lastKnownFileType = sourcecode.swift; path = HelperAppDelegate.swift; sourceTree = "<group>"; };
		FC56DED61EE98B3A001ACE3F /* Assets.xcassets */ = {isa = PBXFileReference; lastKnownFileType = folder.assetcatalog; path = Assets.xcassets; sourceTree = "<group>"; };
		FC56DED91EE98B3A001ACE3F /* Base */ = {isa = PBXFileReference; lastKnownFileType = file.storyboard; name = Base; path = Base.lproj/Main.storyboard; sourceTree = "<group>"; };
		FC56DEDB1EE98B3A001ACE3F /* Info.plist */ = {isa = PBXFileReference; lastKnownFileType = text.plist.xml; path = Info.plist; sourceTree = "<group>"; };
		FC56DEE11EE9B819001ACE3F /* ThinkpadAssistant.entitlements */ = {isa = PBXFileReference; lastKnownFileType = text.plist.entitlements; path = ThinkpadAssistant.entitlements; sourceTree = "<group>"; };
/* End PBXFileReference section */

/* Begin PBXFrameworksBuildPhase section */
		FC56DEB71EE98AC7001ACE3F /* Frameworks */ = {
			isa = PBXFrameworksBuildPhase;
			buildActionMask = 2147483647;
			files = (
				DC56F590D93F6994C91F60C8 /* Pods_ThinkpadAssistant.framework in Frameworks */,
			);
			runOnlyForDeploymentPostprocessing = 0;
		};
		FC56DECD1EE98B3A001ACE3F /* Frameworks */ = {
			isa = PBXFrameworksBuildPhase;
			buildActionMask = 2147483647;
			files = (
				11944516D526E431C5363233 /* Pods_AutoLaunchHelper.framework in Frameworks */,
			);
			runOnlyForDeploymentPostprocessing = 0;
		};
/* End PBXFrameworksBuildPhase section */

/* Begin PBXGroup section */
		115363A5D0E7B98AE00FDE4E /* Frameworks */ = {
			isa = PBXGroup;
			children = (
				C2D3B813365BCE6A84908549 /* Pods_AutoLaunchHelper.framework */,
				A2D81A3D8A645E8C957C4863 /* Pods_ThinkpadAssistant.framework */,
			);
			name = Frameworks;
			sourceTree = "<group>";
		};
		926AC987C488408C1F64878E /* Pods */ = {
			isa = PBXGroup;
			children = (
				1F4D64855DFDE6D7D5FD9F23 /* Pods-AutoLaunchHelper.debug.xcconfig */,
				A7FFA5A32A931C74AFABA743 /* Pods-AutoLaunchHelper.release.xcconfig */,
				DD371F54F75D0F5C930CA66E /* Pods-ThinkpadAssistant.debug.xcconfig */,
				AE92EEF7DF0DF77FC8C1D8CC /* Pods-ThinkpadAssistant.release.xcconfig */,
			);
			path = Pods;
			sourceTree = "<group>";
		};
		FC56DEB11EE98AC7001ACE3F = {
			isa = PBXGroup;
			children = (
				FC56DEBC1EE98AC7001ACE3F /* ThinkpadAssistant */,
				FC56DED11EE98B3A001ACE3F /* AutoLaunchHelper */,
				FC56DEBB1EE98AC7001ACE3F /* Products */,
				926AC987C488408C1F64878E /* Pods */,
				115363A5D0E7B98AE00FDE4E /* Frameworks */,
			);
			sourceTree = "<group>";
			usesTabs = 0;
		};
		FC56DEBB1EE98AC7001ACE3F /* Products */ = {
			isa = PBXGroup;
			children = (
				FC56DEBA1EE98AC7001ACE3F /* ThinkpadAssistant.app */,
				FC56DED01EE98B3A001ACE3F /* AutoLaunchHelper.app */,
			);
			name = Products;
			sourceTree = "<group>";
		};
		FC56DEBC1EE98AC7001ACE3F /* ThinkpadAssistant */ = {
			isa = PBXGroup;
			children = (
				FC56DEE11EE9B819001ACE3F /* ThinkpadAssistant.entitlements */,
				FC56DEBD1EE98AC7001ACE3F /* AppDelegate.swift */,
				C93B8457244DAA4500ECFFBD /* HUD.swift */,
				FC56DEC11EE98AC7001ACE3F /* Assets.xcassets */,
				FC56DEC31EE98AC7001ACE3F /* Main.storyboard */,
				FC56DEC61EE98AC7001ACE3F /* Info.plist */,
				C9B3F78E2462E0540082AD67 /* InfoPlist.strings */,
				C9B3F78A2462DC360082AD67 /* Localizable.strings */,
				C93B8424244A077000ECFFBD /* ShortcutManager.swift */,
				C93B8460244E0DB700ECFFBD /* MuteMicManager.swift */,
				C93B8466244E20D500ECFFBD /* WifiManager.swift */,
				C91E2344244E3780007A1962 /* DisplayManager.swift */,
				C9DFD0242451BAA2000103A2 /* IconProvider.swift */,
			);
			path = ThinkpadAssistant;
			sourceTree = "<group>";
		};
		FC56DED11EE98B3A001ACE3F /* AutoLaunchHelper */ = {
			isa = PBXGroup;
			children = (
				FC21613D1EE9C64E00E7DB46 /* AutoLaunchHelper.entitlements */,
				FC56DED21EE98B3A001ACE3F /* HelperAppDelegate.swift */,
				FC56DED61EE98B3A001ACE3F /* Assets.xcassets */,
				FC56DED81EE98B3A001ACE3F /* Main.storyboard */,
				FC56DEDB1EE98B3A001ACE3F /* Info.plist */,
				C9B3F7912462E0540082AD67 /* InfoPlist.strings */,
			);
			path = AutoLaunchHelper;
			sourceTree = "<group>";
		};
/* End PBXGroup section */

/* Begin PBXNativeTarget section */
		FC56DEB91EE98AC7001ACE3F /* ThinkpadAssistant */ = {
			isa = PBXNativeTarget;
			buildConfigurationList = FC56DEC91EE98AC7001ACE3F /* Build configuration list for PBXNativeTarget "ThinkpadAssistant" */;
			buildPhases = (
				28AFDD65393BBAAD200C6983 /* [CP] Check Pods Manifest.lock */,
				FC56DEB61EE98AC7001ACE3F /* Sources */,
				FC56DEB71EE98AC7001ACE3F /* Frameworks */,
				FC56DEB81EE98AC7001ACE3F /* Resources */,
				FC56DEDF1EE9A7F5001ACE3F /* CopyFiles */,
				B66E9B1E7E52E507166B4862 /* [CP] Embed Pods Frameworks */,
			);
			buildRules = (
			);
			dependencies = (
			);
			name = ThinkpadAssistant;
			productName = ThinkpadAssistant;
			productReference = FC56DEBA1EE98AC7001ACE3F /* ThinkpadAssistant.app */;
			productType = "com.apple.product-type.application";
		};
		FC56DECF1EE98B3A001ACE3F /* AutoLaunchHelper */ = {
			isa = PBXNativeTarget;
			buildConfigurationList = FC56DEDC1EE98B3A001ACE3F /* Build configuration list for PBXNativeTarget "AutoLaunchHelper" */;
			buildPhases = (
				1AA0EDBC2855B29169615578 /* [CP] Check Pods Manifest.lock */,
				FC56DECC1EE98B3A001ACE3F /* Sources */,
				FC56DECD1EE98B3A001ACE3F /* Frameworks */,
				FC56DECE1EE98B3A001ACE3F /* Resources */,
			);
			buildRules = (
			);
			dependencies = (
			);
			name = AutoLaunchHelper;
			productName = AutoLaunchHelper;
			productReference = FC56DED01EE98B3A001ACE3F /* AutoLaunchHelper.app */;
			productType = "com.apple.product-type.application";
		};
/* End PBXNativeTarget section */

/* Begin PBXProject section */
		FC56DEB21EE98AC7001ACE3F /* Project object */ = {
			isa = PBXProject;
			attributes = {
				LastSwiftUpdateCheck = 0830;
				LastUpgradeCheck = 1140;
				ORGANIZATIONNAME = "Matthäus Szturc";
				TargetAttributes = {
					FC56DEB91EE98AC7001ACE3F = {
						CreatedOnToolsVersion = 8.3.2;
						DevelopmentTeam = 2Y3274NQLX;
						LastSwiftMigration = 1140;
						ProvisioningStyle = Automatic;
						SystemCapabilities = {
							com.apple.Sandbox = {
								enabled = 1;
							};
						};
					};
					FC56DECF1EE98B3A001ACE3F = {
						CreatedOnToolsVersion = 8.3.2;
						DevelopmentTeam = 2Y3274NQLX;
						LastSwiftMigration = 1140;
						ProvisioningStyle = Automatic;
						SystemCapabilities = {
							com.apple.Sandbox = {
								enabled = 1;
							};
						};
					};
				};
			};
			buildConfigurationList = FC56DEB51EE98AC7001ACE3F /* Build configuration list for PBXProject "ThinkpadAssistant" */;
			compatibilityVersion = "Xcode 11.4";
			developmentRegion = en;
			hasScannedForEncodings = 0;
			knownRegions = (
				en,
				Base,
				de,
				"zh-Hans",
			);
			mainGroup = FC56DEB11EE98AC7001ACE3F;
			productRefGroup = FC56DEBB1EE98AC7001ACE3F /* Products */;
			projectDirPath = "";
			projectRoot = "";
			targets = (
				FC56DEB91EE98AC7001ACE3F /* ThinkpadAssistant */,
				FC56DECF1EE98B3A001ACE3F /* AutoLaunchHelper */,
			);
		};
/* End PBXProject section */

/* Begin PBXResourcesBuildPhase section */
		FC56DEB81EE98AC7001ACE3F /* Resources */ = {
			isa = PBXResourcesBuildPhase;
			buildActionMask = 2147483647;
			files = (
				FC56DEC21EE98AC7001ACE3F /* Assets.xcassets in Resources */,
				C9B3F7902462E0540082AD67 /* InfoPlist.strings in Resources */,
				C9B3F78C2462DC360082AD67 /* Localizable.strings in Resources */,
				FC56DEC51EE98AC7001ACE3F /* Main.storyboard in Resources */,
			);
			runOnlyForDeploymentPostprocessing = 0;
		};
		FC56DECE1EE98B3A001ACE3F /* Resources */ = {
			isa = PBXResourcesBuildPhase;
			buildActionMask = 2147483647;
			files = (
				FC56DED71EE98B3A001ACE3F /* Assets.xcassets in Resources */,
				C9B3F7932462E0540082AD67 /* InfoPlist.strings in Resources */,
				FC56DEDA1EE98B3A001ACE3F /* Main.storyboard in Resources */,
			);
			runOnlyForDeploymentPostprocessing = 0;
		};
/* End PBXResourcesBuildPhase section */

/* Begin PBXShellScriptBuildPhase section */
		1AA0EDBC2855B29169615578 /* [CP] Check Pods Manifest.lock */ = {
			isa = PBXShellScriptBuildPhase;
			buildActionMask = 2147483647;
			files = (
			);
			inputFileListPaths = (
			);
			inputPaths = (
				"${PODS_PODFILE_DIR_PATH}/Podfile.lock",
				"${PODS_ROOT}/Manifest.lock",
			);
			name = "[CP] Check Pods Manifest.lock";
			outputFileListPaths = (
			);
			outputPaths = (
				"$(DERIVED_FILE_DIR)/Pods-AutoLaunchHelper-checkManifestLockResult.txt",
			);
			runOnlyForDeploymentPostprocessing = 0;
			shellPath = /bin/sh;
			shellScript = "diff \"${PODS_PODFILE_DIR_PATH}/Podfile.lock\" \"${PODS_ROOT}/Manifest.lock\" > /dev/null\nif [ $? != 0 ] ; then\n    # print error to STDERR\n    echo \"error: The sandbox is not in sync with the Podfile.lock. Run 'pod install' or update your CocoaPods installation.\" >&2\n    exit 1\nfi\n# This output is used by Xcode 'outputs' to avoid re-running this script phase.\necho \"SUCCESS\" > \"${SCRIPT_OUTPUT_FILE_0}\"\n";
			showEnvVarsInLog = 0;
		};
		28AFDD65393BBAAD200C6983 /* [CP] Check Pods Manifest.lock */ = {
			isa = PBXShellScriptBuildPhase;
			buildActionMask = 2147483647;
			files = (
			);
			inputFileListPaths = (
			);
			inputPaths = (
				"${PODS_PODFILE_DIR_PATH}/Podfile.lock",
				"${PODS_ROOT}/Manifest.lock",
			);
			name = "[CP] Check Pods Manifest.lock";
			outputFileListPaths = (
			);
			outputPaths = (
				"$(DERIVED_FILE_DIR)/Pods-ThinkpadAssistant-checkManifestLockResult.txt",
			);
			runOnlyForDeploymentPostprocessing = 0;
			shellPath = /bin/sh;
			shellScript = "diff \"${PODS_PODFILE_DIR_PATH}/Podfile.lock\" \"${PODS_ROOT}/Manifest.lock\" > /dev/null\nif [ $? != 0 ] ; then\n    # print error to STDERR\n    echo \"error: The sandbox is not in sync with the Podfile.lock. Run 'pod install' or update your CocoaPods installation.\" >&2\n    exit 1\nfi\n# This output is used by Xcode 'outputs' to avoid re-running this script phase.\necho \"SUCCESS\" > \"${SCRIPT_OUTPUT_FILE_0}\"\n";
			showEnvVarsInLog = 0;
		};
		B66E9B1E7E52E507166B4862 /* [CP] Embed Pods Frameworks */ = {
			isa = PBXShellScriptBuildPhase;
			buildActionMask = 2147483647;
			files = (
			);
			inputFileListPaths = (
				"${PODS_ROOT}/Target Support Files/Pods-ThinkpadAssistant/Pods-ThinkpadAssistant-frameworks-${CONFIGURATION}-input-files.xcfilelist",
			);
			name = "[CP] Embed Pods Frameworks";
			outputFileListPaths = (
				"${PODS_ROOT}/Target Support Files/Pods-ThinkpadAssistant/Pods-ThinkpadAssistant-frameworks-${CONFIGURATION}-output-files.xcfilelist",
			);
			runOnlyForDeploymentPostprocessing = 0;
			shellPath = /bin/sh;
			shellScript = "\"${PODS_ROOT}/Target Support Files/Pods-ThinkpadAssistant/Pods-ThinkpadAssistant-frameworks.sh\"\n";
			showEnvVarsInLog = 0;
		};
/* End PBXShellScriptBuildPhase section */

/* Begin PBXSourcesBuildPhase section */
		FC56DEB61EE98AC7001ACE3F /* Sources */ = {
			isa = PBXSourcesBuildPhase;
			buildActionMask = 2147483647;
			files = (
				C91E2345244E3780007A1962 /* DisplayManager.swift in Sources */,
				C93B8425244A077000ECFFBD /* ShortcutManager.swift in Sources */,
				C93B8458244DAA4500ECFFBD /* HUD.swift in Sources */,
				C93B8461244E0DB700ECFFBD /* MuteMicManager.swift in Sources */,
				FC56DEBE1EE98AC7001ACE3F /* AppDelegate.swift in Sources */,
				C93B8467244E20D500ECFFBD /* WifiManager.swift in Sources */,
				C9DFD0252451BAA2000103A2 /* IconProvider.swift in Sources */,
			);
			runOnlyForDeploymentPostprocessing = 0;
		};
		FC56DECC1EE98B3A001ACE3F /* Sources */ = {
			isa = PBXSourcesBuildPhase;
			buildActionMask = 2147483647;
			files = (
				FC56DED31EE98B3A001ACE3F /* HelperAppDelegate.swift in Sources */,
			);
			runOnlyForDeploymentPostprocessing = 0;
		};
/* End PBXSourcesBuildPhase section */

/* Begin PBXVariantGroup section */
		C9B3F78A2462DC360082AD67 /* Localizable.strings */ = {
			isa = PBXVariantGroup;
			children = (
				C9B3F78B2462DC360082AD67 /* de */,
				C9B503772463269300673FFA /* zh-Hans */,
			);
			name = Localizable.strings;
			sourceTree = "<group>";
		};
		C9B3F78E2462E0540082AD67 /* InfoPlist.strings */ = {
			isa = PBXVariantGroup;
			children = (
				C9B3F78F2462E0540082AD67 /* de */,
				C9B503762463269300673FFA /* zh-Hans */,
			);
			name = InfoPlist.strings;
			sourceTree = "<group>";
		};
		C9B3F7912462E0540082AD67 /* InfoPlist.strings */ = {
			isa = PBXVariantGroup;
			children = (
				C9B3F7922462E0540082AD67 /* de */,
				C9B503782463269400673FFA /* zh-Hans */,
			);
			name = InfoPlist.strings;
			sourceTree = "<group>";
		};
		FC56DEC31EE98AC7001ACE3F /* Main.storyboard */ = {
			isa = PBXVariantGroup;
			children = (
				FC56DEC41EE98AC7001ACE3F /* Base */,
				C9B3F7892462DA460082AD67 /* de */,
				C9B503742463269300673FFA /* zh-Hans */,
			);
			name = Main.storyboard;
			sourceTree = "<group>";
		};
		FC56DED81EE98B3A001ACE3F /* Main.storyboard */ = {
			isa = PBXVariantGroup;
			children = (
				FC56DED91EE98B3A001ACE3F /* Base */,
				C9B3F78D2462DC360082AD67 /* de */,
				C9B503752463269300673FFA /* zh-Hans */,
			);
			name = Main.storyboard;
			sourceTree = "<group>";
		};
/* End PBXVariantGroup section */

/* Begin XCBuildConfiguration section */
		FC56DEC71EE98AC7001ACE3F /* Debug */ = {
			isa = XCBuildConfiguration;
			buildSettings = {
				ALWAYS_SEARCH_USER_PATHS = NO;
				CLANG_ANALYZER_LOCALIZABILITY_NONLOCALIZED = YES;
				CLANG_ANALYZER_NONNULL = YES;
				CLANG_ANALYZER_NUMBER_OBJECT_CONVERSION = YES_AGGRESSIVE;
				CLANG_CXX_LANGUAGE_STANDARD = "gnu++0x";
				CLANG_CXX_LIBRARY = "libc++";
				CLANG_ENABLE_MODULES = YES;
				CLANG_ENABLE_OBJC_ARC = YES;
				CLANG_WARN_BLOCK_CAPTURE_AUTORELEASING = YES;
				CLANG_WARN_BOOL_CONVERSION = YES;
				CLANG_WARN_COMMA = YES;
				CLANG_WARN_CONSTANT_CONVERSION = YES;
				CLANG_WARN_DEPRECATED_OBJC_IMPLEMENTATIONS = YES;
				CLANG_WARN_DIRECT_OBJC_ISA_USAGE = YES_ERROR;
				CLANG_WARN_DOCUMENTATION_COMMENTS = YES;
				CLANG_WARN_EMPTY_BODY = YES;
				CLANG_WARN_ENUM_CONVERSION = YES;
				CLANG_WARN_INFINITE_RECURSION = YES;
				CLANG_WARN_INT_CONVERSION = YES;
				CLANG_WARN_NON_LITERAL_NULL_CONVERSION = YES;
				CLANG_WARN_OBJC_IMPLICIT_RETAIN_SELF = YES;
				CLANG_WARN_OBJC_LITERAL_CONVERSION = YES;
				CLANG_WARN_OBJC_ROOT_CLASS = YES_ERROR;
				CLANG_WARN_RANGE_LOOP_ANALYSIS = YES;
				CLANG_WARN_STRICT_PROTOTYPES = YES;
				CLANG_WARN_SUSPICIOUS_MOVE = YES;
				CLANG_WARN_UNREACHABLE_CODE = YES;
				CLANG_WARN__DUPLICATE_METHOD_MATCH = YES;
				CODE_SIGN_IDENTITY = "-";
				COPY_PHASE_STRIP = NO;
				DEBUG_INFORMATION_FORMAT = dwarf;
				ENABLE_STRICT_OBJC_MSGSEND = YES;
				ENABLE_TESTABILITY = YES;
				GCC_C_LANGUAGE_STANDARD = gnu99;
				GCC_DYNAMIC_NO_PIC = NO;
				GCC_NO_COMMON_BLOCKS = YES;
				GCC_OPTIMIZATION_LEVEL = 0;
				GCC_PREPROCESSOR_DEFINITIONS = (
					"DEBUG=1",
					"$(inherited)",
				);
				GCC_WARN_64_TO_32_BIT_CONVERSION = YES;
				GCC_WARN_ABOUT_RETURN_TYPE = YES_ERROR;
				GCC_WARN_UNDECLARED_SELECTOR = YES;
				GCC_WARN_UNINITIALIZED_AUTOS = YES_AGGRESSIVE;
				GCC_WARN_UNUSED_FUNCTION = YES;
				GCC_WARN_UNUSED_VARIABLE = YES;
				MACOSX_DEPLOYMENT_TARGET = 10.15;
				MTL_ENABLE_DEBUG_INFO = YES;
				ONLY_ACTIVE_ARCH = YES;
				SDKROOT = macosx;
				SWIFT_ACTIVE_COMPILATION_CONDITIONS = DEBUG;
				SWIFT_OPTIMIZATION_LEVEL = "-Onone";
			};
			name = Debug;
		};
		FC56DEC81EE98AC7001ACE3F /* Release */ = {
			isa = XCBuildConfiguration;
			buildSettings = {
				ALWAYS_SEARCH_USER_PATHS = NO;
				CLANG_ANALYZER_LOCALIZABILITY_NONLOCALIZED = YES;
				CLANG_ANALYZER_NONNULL = YES;
				CLANG_ANALYZER_NUMBER_OBJECT_CONVERSION = YES_AGGRESSIVE;
				CLANG_CXX_LANGUAGE_STANDARD = "gnu++0x";
				CLANG_CXX_LIBRARY = "libc++";
				CLANG_ENABLE_MODULES = YES;
				CLANG_ENABLE_OBJC_ARC = YES;
				CLANG_WARN_BLOCK_CAPTURE_AUTORELEASING = YES;
				CLANG_WARN_BOOL_CONVERSION = YES;
				CLANG_WARN_COMMA = YES;
				CLANG_WARN_CONSTANT_CONVERSION = YES;
				CLANG_WARN_DEPRECATED_OBJC_IMPLEMENTATIONS = YES;
				CLANG_WARN_DIRECT_OBJC_ISA_USAGE = YES_ERROR;
				CLANG_WARN_DOCUMENTATION_COMMENTS = YES;
				CLANG_WARN_EMPTY_BODY = YES;
				CLANG_WARN_ENUM_CONVERSION = YES;
				CLANG_WARN_INFINITE_RECURSION = YES;
				CLANG_WARN_INT_CONVERSION = YES;
				CLANG_WARN_NON_LITERAL_NULL_CONVERSION = YES;
				CLANG_WARN_OBJC_IMPLICIT_RETAIN_SELF = YES;
				CLANG_WARN_OBJC_LITERAL_CONVERSION = YES;
				CLANG_WARN_OBJC_ROOT_CLASS = YES_ERROR;
				CLANG_WARN_RANGE_LOOP_ANALYSIS = YES;
				CLANG_WARN_STRICT_PROTOTYPES = YES;
				CLANG_WARN_SUSPICIOUS_MOVE = YES;
				CLANG_WARN_UNREACHABLE_CODE = YES;
				CLANG_WARN__DUPLICATE_METHOD_MATCH = YES;
				CODE_SIGN_IDENTITY = "-";
				COPY_PHASE_STRIP = NO;
				DEBUG_INFORMATION_FORMAT = "dwarf-with-dsym";
				ENABLE_NS_ASSERTIONS = NO;
				ENABLE_STRICT_OBJC_MSGSEND = YES;
				GCC_C_LANGUAGE_STANDARD = gnu99;
				GCC_NO_COMMON_BLOCKS = YES;
				GCC_WARN_64_TO_32_BIT_CONVERSION = YES;
				GCC_WARN_ABOUT_RETURN_TYPE = YES_ERROR;
				GCC_WARN_UNDECLARED_SELECTOR = YES;
				GCC_WARN_UNINITIALIZED_AUTOS = YES_AGGRESSIVE;
				GCC_WARN_UNUSED_FUNCTION = YES;
				GCC_WARN_UNUSED_VARIABLE = YES;
				MACOSX_DEPLOYMENT_TARGET = 10.15;
				MTL_ENABLE_DEBUG_INFO = NO;
				SDKROOT = macosx;
				SWIFT_COMPILATION_MODE = wholemodule;
				SWIFT_OPTIMIZATION_LEVEL = "-O";
			};
			name = Release;
		};
		FC56DECA1EE98AC7001ACE3F /* Debug */ = {
			isa = XCBuildConfiguration;
			baseConfigurationReference = DD371F54F75D0F5C930CA66E /* Pods-ThinkpadAssistant.debug.xcconfig */;
			buildSettings = {
				ASSETCATALOG_COMPILER_APPICON_NAME = AppIcon;
				CODE_SIGN_ENTITLEMENTS = ThinkpadAssistant/ThinkpadAssistant.entitlements;
				CODE_SIGN_IDENTITY = "Mac Developer";
				COMBINE_HIDPI_IMAGES = YES;
				CURRENT_PROJECT_VERSION = 1;
				DEVELOPMENT_TEAM = 2Y3274NQLX;
				ENABLE_HARDENED_RUNTIME = YES;
				INFOPLIST_FILE = ThinkpadAssistant/Info.plist;
				LD_RUNPATH_SEARCH_PATHS = (
					"$(inherited)",
					"@executable_path/../Frameworks",
				);
				MARKETING_VERSION = 1.2.1;
				PRODUCT_BUNDLE_IDENTIFIER = de.mszturc.ThinkpadAssistant;
				PRODUCT_NAME = "$(TARGET_NAME)";
				PROVISIONING_PROFILE_SPECIFIER = "";
				SWIFT_SWIFT3_OBJC_INFERENCE = Default;
				SWIFT_VERSION = 5.0;
			};
			name = Debug;
		};
		FC56DECB1EE98AC7001ACE3F /* Release */ = {
			isa = XCBuildConfiguration;
			baseConfigurationReference = AE92EEF7DF0DF77FC8C1D8CC /* Pods-ThinkpadAssistant.release.xcconfig */;
			buildSettings = {
				ASSETCATALOG_COMPILER_APPICON_NAME = AppIcon;
				CODE_SIGN_ENTITLEMENTS = ThinkpadAssistant/ThinkpadAssistant.entitlements;
				CODE_SIGN_IDENTITY = "Mac Developer";
				COMBINE_HIDPI_IMAGES = YES;
				CURRENT_PROJECT_VERSION = 1;
				DEVELOPMENT_TEAM = 2Y3274NQLX;
				ENABLE_HARDENED_RUNTIME = YES;
				INFOPLIST_FILE = ThinkpadAssistant/Info.plist;
				LD_RUNPATH_SEARCH_PATHS = (
					"$(inherited)",
					"@executable_path/../Frameworks",
				);
				MARKETING_VERSION = 1.2.1;
				PRODUCT_BUNDLE_IDENTIFIER = de.mszturc.ThinkpadAssistant;
				PRODUCT_NAME = "$(TARGET_NAME)";
				PROVISIONING_PROFILE_SPECIFIER = "";
				SWIFT_SWIFT3_OBJC_INFERENCE = Default;
				SWIFT_VERSION = 5.0;
			};
			name = Release;
		};
		FC56DEDD1EE98B3A001ACE3F /* Debug */ = {
			isa = XCBuildConfiguration;
			baseConfigurationReference = 1F4D64855DFDE6D7D5FD9F23 /* Pods-AutoLaunchHelper.debug.xcconfig */;
			buildSettings = {
				ASSETCATALOG_COMPILER_APPICON_NAME = AppIcon;
				CODE_SIGN_ENTITLEMENTS = AutoLaunchHelper/AutoLaunchHelper.entitlements;
				CODE_SIGN_IDENTITY = "Mac Developer";
				COMBINE_HIDPI_IMAGES = YES;
				DEVELOPMENT_TEAM = 2Y3274NQLX;
				ENABLE_HARDENED_RUNTIME = YES;
				INFOPLIST_FILE = AutoLaunchHelper/Info.plist;
				LD_RUNPATH_SEARCH_PATHS = (
					"$(inherited)",
					"@executable_path/../Frameworks",
				);
				PRODUCT_BUNDLE_IDENTIFIER = de.mszturc.AutoLaunchHelper;
				PRODUCT_NAME = "$(TARGET_NAME)";
				PROVISIONING_PROFILE_SPECIFIER = "";
				SKIP_INSTALL = YES;
				SWIFT_SWIFT3_OBJC_INFERENCE = Default;
				SWIFT_VERSION = 5.0;
			};
			name = Debug;
		};
		FC56DEDE1EE98B3A001ACE3F /* Release */ = {
			isa = XCBuildConfiguration;
			baseConfigurationReference = A7FFA5A32A931C74AFABA743 /* Pods-AutoLaunchHelper.release.xcconfig */;
			buildSettings = {
				ASSETCATALOG_COMPILER_APPICON_NAME = AppIcon;
				CODE_SIGN_ENTITLEMENTS = AutoLaunchHelper/AutoLaunchHelper.entitlements;
				CODE_SIGN_IDENTITY = "Mac Developer";
				COMBINE_HIDPI_IMAGES = YES;
				DEVELOPMENT_TEAM = 2Y3274NQLX;
				ENABLE_HARDENED_RUNTIME = YES;
				INFOPLIST_FILE = AutoLaunchHelper/Info.plist;
				LD_RUNPATH_SEARCH_PATHS = (
					"$(inherited)",
					"@executable_path/../Frameworks",
				);
				PRODUCT_BUNDLE_IDENTIFIER = de.mszturc.AutoLaunchHelper;
				PRODUCT_NAME = "$(TARGET_NAME)";
				PROVISIONING_PROFILE_SPECIFIER = "";
				SKIP_INSTALL = YES;
				SWIFT_SWIFT3_OBJC_INFERENCE = Default;
				SWIFT_VERSION = 5.0;
			};
			name = Release;
		};
/* End XCBuildConfiguration section */

/* Begin XCConfigurationList section */
		FC56DEB51EE98AC7001ACE3F /* Build configuration list for PBXProject "ThinkpadAssistant" */ = {
			isa = XCConfigurationList;
			buildConfigurations = (
				FC56DEC71EE98AC7001ACE3F /* Debug */,
				FC56DEC81EE98AC7001ACE3F /* Release */,
			);
			defaultConfigurationIsVisible = 0;
			defaultConfigurationName = Release;
		};
		FC56DEC91EE98AC7001ACE3F /* Build configuration list for PBXNativeTarget "ThinkpadAssistant" */ = {
			isa = XCConfigurationList;
			buildConfigurations = (
				FC56DECA1EE98AC7001ACE3F /* Debug */,
				FC56DECB1EE98AC7001ACE3F /* Release */,
			);
			defaultConfigurationIsVisible = 0;
			defaultConfigurationName = Release;
		};
		FC56DEDC1EE98B3A001ACE3F /* Build configuration list for PBXNativeTarget "AutoLaunchHelper" */ = {
			isa = XCConfigurationList;
			buildConfigurations = (
				FC56DEDD1EE98B3A001ACE3F /* Debug */,
				FC56DEDE1EE98B3A001ACE3F /* Release */,
			);
			defaultConfigurationIsVisible = 0;
			defaultConfigurationName = Release;
		};
/* End XCConfigurationList section */
	};
	rootObject = FC56DEB21EE98AC7001ACE3F /* Project object */;
}
